
Microsoft Visual Studio Solution File, Format Version 12.00
# Visual Studio Version 17
VisualStudioVersion = 17.11.35312.102
MinimumVisualStudioVersion = 10.0.40219.1
Project("{FAE04EC0-301F-11D3-BF4B-00C04F79EFBC}") = "IntroTask", "IntroTask\IntroTask.csproj", "{8C3AA71D-BEF9-4F7C-980C-E90952A765E8}"
EndProject
Global
	GlobalSection(SolutionConfigurationPlatforms) = preSolution
		Debug|Any CPU = Debug|Any CPU
		Release|Any CPU = Release|Any CPU
	EndGlobalSection
	GlobalSection(ProjectConfigurationPlatforms) = postSolution
		{8C3AA71D-BEF9-4F7C-980C-E90952A765E8}.Debug|Any CPU.ActiveCfg = Debug|Any CPU
		{8C3AA71D-BEF9-4F7C-980C-E90952A765E8}.Debug|Any CPU.Build.0 = Debug|Any CPU
		{8C3AA71D-BEF9-4F7C-980C-E90952A765E8}.Release|Any CPU.ActiveCfg = Release|Any CPU
		{8C3AA71D-BEF9-4F7C-980C-E90952A765E8}.Release|Any CPU.Build.0 = Release|Any CPU
	EndGlobalSection
	GlobalSection(SolutionProperties) = preSolution
		HideSolutionNode = FALSE
	EndGlobalSection
	GlobalSection(ExtensibilityGlobals) = postSolution
		SolutionGuid = {9595591E-C504-45D5-AF39-CE7680B30AF7}
	EndGlobalSection
EndGlobal
